
Microsoft Visual Studio Solution File, Format Version 12.00
# Visual Studio Version 17
VisualStudioVersion = 17.3.32811.315
MinimumVisualStudioVersion = 10.0.40219.1
Project("{9A19103F-16F7-4668-BE54-9A1E7A4F7556}") = "Starlight", "src\Starlight\Starlight.csproj", "{045D5C21-8254-4075-90F7-ED591FA7FDC3}"
EndProject
Project("{9A19103F-16F7-4668-BE54-9A1E7A4F7556}") = "Starlight.Cli", "src\Starlight.Cli\Starlight.Cli.csproj", "{B60FB38B-824F-45CC-84B4-1BFCB6059334}"
EndProject
Project("{9A19103F-16F7-4668-BE54-9A1E7A4F7556}") = "Starlight.Launcher", "src\Starlight.Launcher\Starlight.Launcher.csproj", "{B92B746F-1372-4321-B55D-405993DF30C7}"
EndProject
Project("{2150E333-8FDC-42A3-9474-1A3956D46DE8}") = "Submodules", "Submodules", "{5325689B-2D92-4055-A93D-43CC70B72B46}"
EndProject
Project("{FAE04EC0-301F-11D3-BF4B-00C04F79EFBC}") = "HackerFramework", "submodules\HackerFramework\src\HackerFramework\HackerFramework.csproj", "{E47F58ED-1BBE-47F4-9FA9-FACD2317FE90}"
EndProject
Project("{8BC9CEB8-8B4A-11D0-8D11-00A0C91BC942}") = "Starlight.YARAProxy", "Starlight.YARAProxy\Starlight.YARAProxy.vcxproj", "{0D25BEC3-DB58-4AE8-9C46-E60B31123546}"
EndProject
Global
	GlobalSection(SolutionConfigurationPlatforms) = preSolution
		Debug|Any CPU = Debug|Any CPU
		Debug|x64 = Debug|x64
		Debug|x86 = Debug|x86
		Release|Any CPU = Release|Any CPU
		Release|x64 = Release|x64
		Release|x86 = Release|x86
	EndGlobalSection
	GlobalSection(ProjectConfigurationPlatforms) = postSolution
		{045D5C21-8254-4075-90F7-ED591FA7FDC3}.Debug|Any CPU.ActiveCfg = Debug|x86
		{045D5C21-8254-4075-90F7-ED591FA7FDC3}.Debug|Any CPU.Build.0 = Debug|x86
		{045D5C21-8254-4075-90F7-ED591FA7FDC3}.Debug|x64.ActiveCfg = Debug|x86
		{045D5C21-8254-4075-90F7-ED591FA7FDC3}.Debug|x64.Build.0 = Debug|x86
		{045D5C21-8254-4075-90F7-ED591FA7FDC3}.Debug|x86.ActiveCfg = Debug|x86
		{045D5C21-8254-4075-90F7-ED591FA7FDC3}.Debug|x86.Build.0 = Debug|x86
		{045D5C21-8254-4075-90F7-ED591FA7FDC3}.Release|Any CPU.ActiveCfg = Release|x86
		{045D5C21-8254-4075-90F7-ED591FA7FDC3}.Release|Any CPU.Build.0 = Release|x86
		{045D5C21-8254-4075-90F7-ED591FA7FDC3}.Release|x64.ActiveCfg = Release|x86
		{045D5C21-8254-4075-90F7-ED591FA7FDC3}.Release|x64.Build.0 = Release|x86
		{045D5C21-8254-4075-90F7-ED591FA7FDC3}.Release|x86.ActiveCfg = Release|x86
		{045D5C21-8254-4075-90F7-ED591FA7FDC3}.Release|x86.Build.0 = Release|x86
		{B60FB38B-824F-45CC-84B4-1BFCB6059334}.Debug|Any CPU.ActiveCfg = Debug|x86
		{B60FB38B-824F-45CC-84B4-1BFCB6059334}.Debug|Any CPU.Build.0 = Debug|x86
		{B60FB38B-824F-45CC-84B4-1BFCB6059334}.Debug|x64.ActiveCfg = Debug|x86
		{B60FB38B-824F-45CC-84B4-1BFCB6059334}.Debug|x64.Build.0 = Debug|x86
		{B60FB38B-824F-45CC-84B4-1BFCB6059334}.Debug|x86.ActiveCfg = Debug|x86
		{B60FB38B-824F-45CC-84B4-1BFCB6059334}.Debug|x86.Build.0 = Debug|x86
		{B60FB38B-824F-45CC-84B4-1BFCB6059334}.Release|Any CPU.ActiveCfg = Release|x86
		{B60FB38B-824F-45CC-84B4-1BFCB6059334}.Release|Any CPU.Build.0 = Release|x86
		{B60FB38B-824F-45CC-84B4-1BFCB6059334}.Release|x64.ActiveCfg = Release|x86
		{B60FB38B-824F-45CC-84B4-1BFCB6059334}.Release|x64.Build.0 = Release|x86
		{B60FB38B-824F-45CC-84B4-1BFCB6059334}.Release|x86.ActiveCfg = Release|x86
		{B60FB38B-824F-45CC-84B4-1BFCB6059334}.Release|x86.Build.0 = Release|x86
		{B92B746F-1372-4321-B55D-405993DF30C7}.Debug|Any CPU.ActiveCfg = Debug|x86
		{B92B746F-1372-4321-B55D-405993DF30C7}.Debug|Any CPU.Build.0 = Debug|x86
		{B92B746F-1372-4321-B55D-405993DF30C7}.Debug|x64.ActiveCfg = Debug|x86
		{B92B746F-1372-4321-B55D-405993DF30C7}.Debug|x64.Build.0 = Debug|x86
		{B92B746F-1372-4321-B55D-405993DF30C7}.Debug|x86.ActiveCfg = Debug|x86
		{B92B746F-1372-4321-B55D-405993DF30C7}.Debug|x86.Build.0 = Debug|x86
		{B92B746F-1372-4321-B55D-405993DF30C7}.Release|Any CPU.ActiveCfg = Release|x86
		{B92B746F-1372-4321-B55D-405993DF30C7}.Release|Any CPU.Build.0 = Release|x86
		{B92B746F-1372-4321-B55D-405993DF30C7}.Release|x64.ActiveCfg = Release|x86
		{B92B746F-1372-4321-B55D-405993DF30C7}.Release|x64.Build.0 = Release|x86
		{B92B746F-1372-4321-B55D-405993DF30C7}.Release|x86.ActiveCfg = Release|x86
		{B92B746F-1372-4321-B55D-405993DF30C7}.Release|x86.Build.0 = Release|x86
		{E47F58ED-1BBE-47F4-9FA9-FACD2317FE90}.Debug|Any CPU.ActiveCfg = Debug|Any CPU
		{E47F58ED-1BBE-47F4-9FA9-FACD2317FE90}.Debug|Any CPU.Build.0 = Debug|Any CPU
		{E47F58ED-1BBE-47F4-9FA9-FACD2317FE90}.Debug|x64.ActiveCfg = Debug|Any CPU
		{E47F58ED-1BBE-47F4-9FA9-FACD2317FE90}.Debug|x64.Build.0 = Debug|Any CPU
		{E47F58ED-1BBE-47F4-9FA9-FACD2317FE90}.Debug|x86.ActiveCfg = Debug|Any CPU
		{E47F58ED-1BBE-47F4-9FA9-FACD2317FE90}.Debug|x86.Build.0 = Debug|Any CPU
		{E47F58ED-1BBE-47F4-9FA9-FACD2317FE90}.Release|Any CPU.ActiveCfg = Release|Any CPU
		{E47F58ED-1BBE-47F4-9FA9-FACD2317FE90}.Release|Any CPU.Build.0 = Release|Any CPU
		{E47F58ED-1BBE-47F4-9FA9-FACD2317FE90}.Release|x64.ActiveCfg = Release|Any CPU
		{E47F58ED-1BBE-47F4-9FA9-FACD2317FE90}.Release|x64.Build.0 = Release|Any CPU
		{E47F58ED-1BBE-47F4-9FA9-FACD2317FE90}.Release|x86.ActiveCfg = Release|Any CPU
		{E47F58ED-1BBE-47F4-9FA9-FACD2317FE90}.Release|x86.Build.0 = Release|Any CPU
		{0D25BEC3-DB58-4AE8-9C46-E60B31123546}.Debug|Any CPU.ActiveCfg = Debug|x64
		{0D25BEC3-DB58-4AE8-9C46-E60B31123546}.Debug|Any CPU.Build.0 = Debug|x64
		{0D25BEC3-DB58-4AE8-9C46-E60B31123546}.Debug|x64.ActiveCfg = Debug|x64
		{0D25BEC3-DB58-4AE8-9C46-E60B31123546}.Debug|x64.Build.0 = Debug|x64
		{0D25BEC3-DB58-4AE8-9C46-E60B31123546}.Debug|x86.ActiveCfg = Debug|Win32
		{0D25BEC3-DB58-4AE8-9C46-E60B31123546}.Debug|x86.Build.0 = Debug|Win32
		{0D25BEC3-DB58-4AE8-9C46-E60B31123546}.Release|Any CPU.ActiveCfg = Release|x64
		{0D25BEC3-DB58-4AE8-9C46-E60B31123546}.Release|Any CPU.Build.0 = Release|x64
		{0D25BEC3-DB58-4AE8-9C46-E60B31123546}.Release|x64.ActiveCfg = Release|x64
		{0D25BEC3-DB58-4AE8-9C46-E60B31123546}.Release|x64.Build.0 = Release|x64
		{0D25BEC3-DB58-4AE8-9C46-E60B31123546}.Release|x86.ActiveCfg = Release|Win32
		{0D25BEC3-DB58-4AE8-9C46-E60B31123546}.Release|x86.Build.0 = Release|Win32
	EndGlobalSection
	GlobalSection(SolutionProperties) = preSolution
		HideSolutionNode = FALSE
	EndGlobalSection
	GlobalSection(NestedProjects) = preSolution
		{E47F58ED-1BBE-47F4-9FA9-FACD2317FE90} = {5325689B-2D92-4055-A93D-43CC70B72B46}
	EndGlobalSection
	GlobalSection(ExtensibilityGlobals) = postSolution
		SolutionGuid = {A7751802-11AB-4C48-AEFB-F97F28984E2E}
	EndGlobalSection
EndGlobal
