
Microsoft Visual Studio Solution File, Format Version 12.00
# Visual Studio Version 17
VisualStudioVersion = 17.2.32630.192
MinimumVisualStudioVersion = 10.0.40219.1
Project("{FAE04EC0-301F-11D3-BF4B-00C04F79EFBC}") = "Starlight", "Launcher\Starlight.csproj", "{4DE605D7-8198-4E8D-BE80-3B63845CC445}"
EndProject
Project("{FAE04EC0-301F-11D3-BF4B-00C04F79EFBC}") = "Starlight.Cui", "Launcher.Cui\Starlight.Cui.csproj", "{0B6FC007-12F3-4340-B77C-87F8A3D41EFE}"
EndProject
Global
	GlobalSection(SolutionConfigurationPlatforms) = preSolution
		Debug|Any CPU = Debug|Any CPU
		Release|Any CPU = Release|Any CPU
	EndGlobalSection
	GlobalSection(ProjectConfigurationPlatforms) = postSolution
		{4DE605D7-8198-4E8D-BE80-3B63845CC445}.Debug|Any CPU.ActiveCfg = Debug|Any CPU
		{4DE605D7-8198-4E8D-BE80-3B63845CC445}.Debug|Any CPU.Build.0 = Debug|Any CPU
		{4DE605D7-8198-4E8D-BE80-3B63845CC445}.Release|Any CPU.ActiveCfg = Release|Any CPU
		{4DE605D7-8198-4E8D-BE80-3B63845CC445}.Release|Any CPU.Build.0 = Release|Any CPU
		{0B6FC007-12F3-4340-B77C-87F8A3D41EFE}.Debug|Any CPU.ActiveCfg = Debug|Any CPU
		{0B6FC007-12F3-4340-B77C-87F8A3D41EFE}.Debug|Any CPU.Build.0 = Debug|Any CPU
		{0B6FC007-12F3-4340-B77C-87F8A3D41EFE}.Release|Any CPU.ActiveCfg = Release|Any CPU
		{0B6FC007-12F3-4340-B77C-87F8A3D41EFE}.Release|Any CPU.Build.0 = Release|Any CPU
	EndGlobalSection
	GlobalSection(SolutionProperties) = preSolution
		HideSolutionNode = FALSE
	EndGlobalSection
	GlobalSection(ExtensibilityGlobals) = postSolution
		SolutionGuid = {A664FE39-AF50-4983-ABC9-BAA81DC4172B}
	EndGlobalSection
EndGlobal
