
Microsoft Visual Studio Solution File, Format Version 12.00
# Visual Studio Version 17
VisualStudioVersion = 17.3.32811.315
MinimumVisualStudioVersion = 10.0.40219.1
Project("{9A19103F-16F7-4668-BE54-9A1E7A4F7556}") = "Starlight", "src\Starlight\Starlight.csproj", "{D35487AC-15AE-4D29-A7DD-FC6E7AD3C18A}"
EndProject
Project("{2150E333-8FDC-42A3-9474-1A3956D46DE8}") = "Submodules", "Submodules", "{5325689B-2D92-4055-A93D-43CC70B72B46}"
EndProject
Project("{FAE04EC0-301F-11D3-BF4B-00C04F79EFBC}") = "HackerFramework", "submodules\HackerFramework\src\HackerFramework\HackerFramework.csproj", "{E47F58ED-1BBE-47F4-9FA9-FACD2317FE90}"
EndProject
Project("{9A19103F-16F7-4668-BE54-9A1E7A4F7556}") = "Starlight.Std", "src\Starlight.Std\Starlight.Std.csproj", "{A903FE35-61FF-4EBA-8992-10666CBF8CB2}"
EndProject
Project("{9A19103F-16F7-4668-BE54-9A1E7A4F7556}") = "Substrant.Registry", "submodules\Substrant.Registry\src\Substrant.Registry\Substrant.Registry.csproj", "{35FA6C47-E301-4AF0-883D-772032F45E2C}"
EndProject
Project("{2150E333-8FDC-42A3-9474-1A3956D46DE8}") = "Solution Items", "Solution Items", "{84FBE7B2-6A04-44D9-A074-CE34F2244688}"
	ProjectSection(SolutionItems) = preProject
		install.ps1 = install.ps1
	EndProjectSection
EndProject
Project("{9A19103F-16F7-4668-BE54-9A1E7A4F7556}") = "Starlight.App", "src\Starlight.App\Starlight.App.csproj", "{5E91E665-E1F7-4465-8A17-C92D1705BE95}"
EndProject
Project("{9A19103F-16F7-4668-BE54-9A1E7A4F7556}") = "Starlight.Gui", "src\Starlight.Gui\Starlight.Gui.csproj", "{53D91E88-AFE8-4F11-880C-6F0BC22BD860}"
EndProject
Global
	GlobalSection(SolutionConfigurationPlatforms) = preSolution
		Debug|Any CPU = Debug|Any CPU
		Debug|x64 = Debug|x64
		Debug|x86 = Debug|x86
		Deploy|Any CPU = Deploy|Any CPU
		Deploy|x64 = Deploy|x64
		Deploy|x86 = Deploy|x86
		Release|Any CPU = Release|Any CPU
		Release|x64 = Release|x64
		Release|x86 = Release|x86
	EndGlobalSection
	GlobalSection(ProjectConfigurationPlatforms) = postSolution
		{D35487AC-15AE-4D29-A7DD-FC6E7AD3C18A}.Debug|Any CPU.ActiveCfg = Debug|x86
		{D35487AC-15AE-4D29-A7DD-FC6E7AD3C18A}.Debug|Any CPU.Build.0 = Debug|x86
		{D35487AC-15AE-4D29-A7DD-FC6E7AD3C18A}.Debug|x64.ActiveCfg = Debug|x64
		{D35487AC-15AE-4D29-A7DD-FC6E7AD3C18A}.Debug|x64.Build.0 = Debug|x64
		{D35487AC-15AE-4D29-A7DD-FC6E7AD3C18A}.Debug|x86.ActiveCfg = Debug|x86
		{D35487AC-15AE-4D29-A7DD-FC6E7AD3C18A}.Debug|x86.Build.0 = Debug|x86
		{D35487AC-15AE-4D29-A7DD-FC6E7AD3C18A}.Deploy|Any CPU.ActiveCfg = Deploy|x64
		{D35487AC-15AE-4D29-A7DD-FC6E7AD3C18A}.Deploy|Any CPU.Build.0 = Deploy|x64
		{D35487AC-15AE-4D29-A7DD-FC6E7AD3C18A}.Deploy|x64.ActiveCfg = Deploy|x64
		{D35487AC-15AE-4D29-A7DD-FC6E7AD3C18A}.Deploy|x64.Build.0 = Deploy|x64
		{D35487AC-15AE-4D29-A7DD-FC6E7AD3C18A}.Deploy|x86.ActiveCfg = Deploy|x86
		{D35487AC-15AE-4D29-A7DD-FC6E7AD3C18A}.Deploy|x86.Build.0 = Deploy|x86
		{D35487AC-15AE-4D29-A7DD-FC6E7AD3C18A}.Release|Any CPU.ActiveCfg = Release|x86
		{D35487AC-15AE-4D29-A7DD-FC6E7AD3C18A}.Release|Any CPU.Build.0 = Release|x86
		{D35487AC-15AE-4D29-A7DD-FC6E7AD3C18A}.Release|x64.ActiveCfg = Release|x64
		{D35487AC-15AE-4D29-A7DD-FC6E7AD3C18A}.Release|x64.Build.0 = Release|x64
		{D35487AC-15AE-4D29-A7DD-FC6E7AD3C18A}.Release|x86.ActiveCfg = Release|x86
		{D35487AC-15AE-4D29-A7DD-FC6E7AD3C18A}.Release|x86.Build.0 = Release|x86
		{E47F58ED-1BBE-47F4-9FA9-FACD2317FE90}.Debug|Any CPU.ActiveCfg = Debug|Any CPU
		{E47F58ED-1BBE-47F4-9FA9-FACD2317FE90}.Debug|Any CPU.Build.0 = Debug|Any CPU
		{E47F58ED-1BBE-47F4-9FA9-FACD2317FE90}.Debug|x64.ActiveCfg = Debug|Any CPU
		{E47F58ED-1BBE-47F4-9FA9-FACD2317FE90}.Debug|x64.Build.0 = Debug|Any CPU
		{E47F58ED-1BBE-47F4-9FA9-FACD2317FE90}.Debug|x86.ActiveCfg = Debug|Any CPU
		{E47F58ED-1BBE-47F4-9FA9-FACD2317FE90}.Debug|x86.Build.0 = Debug|Any CPU
		{E47F58ED-1BBE-47F4-9FA9-FACD2317FE90}.Deploy|Any CPU.ActiveCfg = Deploy|Any CPU
		{E47F58ED-1BBE-47F4-9FA9-FACD2317FE90}.Deploy|Any CPU.Build.0 = Deploy|Any CPU
		{E47F58ED-1BBE-47F4-9FA9-FACD2317FE90}.Deploy|x64.ActiveCfg = Deploy|Any CPU
		{E47F58ED-1BBE-47F4-9FA9-FACD2317FE90}.Deploy|x64.Build.0 = Deploy|Any CPU
		{E47F58ED-1BBE-47F4-9FA9-FACD2317FE90}.Deploy|x86.ActiveCfg = Deploy|Any CPU
		{E47F58ED-1BBE-47F4-9FA9-FACD2317FE90}.Deploy|x86.Build.0 = Deploy|Any CPU
		{E47F58ED-1BBE-47F4-9FA9-FACD2317FE90}.Release|Any CPU.ActiveCfg = Release|Any CPU
		{E47F58ED-1BBE-47F4-9FA9-FACD2317FE90}.Release|Any CPU.Build.0 = Release|Any CPU
		{E47F58ED-1BBE-47F4-9FA9-FACD2317FE90}.Release|x64.ActiveCfg = Release|Any CPU
		{E47F58ED-1BBE-47F4-9FA9-FACD2317FE90}.Release|x64.Build.0 = Release|Any CPU
		{E47F58ED-1BBE-47F4-9FA9-FACD2317FE90}.Release|x86.ActiveCfg = Release|Any CPU
		{E47F58ED-1BBE-47F4-9FA9-FACD2317FE90}.Release|x86.Build.0 = Release|Any CPU
		{A903FE35-61FF-4EBA-8992-10666CBF8CB2}.Debug|Any CPU.ActiveCfg = Debug|x86
		{A903FE35-61FF-4EBA-8992-10666CBF8CB2}.Debug|Any CPU.Build.0 = Debug|x86
		{A903FE35-61FF-4EBA-8992-10666CBF8CB2}.Debug|x64.ActiveCfg = Debug|x86
		{A903FE35-61FF-4EBA-8992-10666CBF8CB2}.Debug|x86.ActiveCfg = Debug|x86
		{A903FE35-61FF-4EBA-8992-10666CBF8CB2}.Debug|x86.Build.0 = Debug|x86
		{A903FE35-61FF-4EBA-8992-10666CBF8CB2}.Deploy|Any CPU.ActiveCfg = Deploy|x86
		{A903FE35-61FF-4EBA-8992-10666CBF8CB2}.Deploy|Any CPU.Build.0 = Deploy|x86
		{A903FE35-61FF-4EBA-8992-10666CBF8CB2}.Deploy|x64.ActiveCfg = Deploy|x86
		{A903FE35-61FF-4EBA-8992-10666CBF8CB2}.Deploy|x86.ActiveCfg = Deploy|x86
		{A903FE35-61FF-4EBA-8992-10666CBF8CB2}.Deploy|x86.Build.0 = Deploy|x86
		{A903FE35-61FF-4EBA-8992-10666CBF8CB2}.Release|Any CPU.ActiveCfg = Release|x86
		{A903FE35-61FF-4EBA-8992-10666CBF8CB2}.Release|Any CPU.Build.0 = Release|x86
		{A903FE35-61FF-4EBA-8992-10666CBF8CB2}.Release|x64.ActiveCfg = Release|x86
		{A903FE35-61FF-4EBA-8992-10666CBF8CB2}.Release|x86.ActiveCfg = Release|x86
		{A903FE35-61FF-4EBA-8992-10666CBF8CB2}.Release|x86.Build.0 = Release|x86
		{35FA6C47-E301-4AF0-883D-772032F45E2C}.Debug|Any CPU.ActiveCfg = Debug|Any CPU
		{35FA6C47-E301-4AF0-883D-772032F45E2C}.Debug|Any CPU.Build.0 = Debug|Any CPU
		{35FA6C47-E301-4AF0-883D-772032F45E2C}.Debug|x64.ActiveCfg = Debug|Any CPU
		{35FA6C47-E301-4AF0-883D-772032F45E2C}.Debug|x64.Build.0 = Debug|Any CPU
		{35FA6C47-E301-4AF0-883D-772032F45E2C}.Debug|x86.ActiveCfg = Debug|Any CPU
		{35FA6C47-E301-4AF0-883D-772032F45E2C}.Debug|x86.Build.0 = Debug|Any CPU
		{35FA6C47-E301-4AF0-883D-772032F45E2C}.Deploy|Any CPU.ActiveCfg = Deploy|Any CPU
		{35FA6C47-E301-4AF0-883D-772032F45E2C}.Deploy|Any CPU.Build.0 = Deploy|Any CPU
		{35FA6C47-E301-4AF0-883D-772032F45E2C}.Deploy|x64.ActiveCfg = Deploy|Any CPU
		{35FA6C47-E301-4AF0-883D-772032F45E2C}.Deploy|x64.Build.0 = Deploy|Any CPU
		{35FA6C47-E301-4AF0-883D-772032F45E2C}.Deploy|x86.ActiveCfg = Deploy|Any CPU
		{35FA6C47-E301-4AF0-883D-772032F45E2C}.Deploy|x86.Build.0 = Deploy|Any CPU
		{35FA6C47-E301-4AF0-883D-772032F45E2C}.Release|Any CPU.ActiveCfg = Release|Any CPU
		{35FA6C47-E301-4AF0-883D-772032F45E2C}.Release|Any CPU.Build.0 = Release|Any CPU
		{35FA6C47-E301-4AF0-883D-772032F45E2C}.Release|x64.ActiveCfg = Release|Any CPU
		{35FA6C47-E301-4AF0-883D-772032F45E2C}.Release|x64.Build.0 = Release|Any CPU
		{35FA6C47-E301-4AF0-883D-772032F45E2C}.Release|x86.ActiveCfg = Release|Any CPU
		{35FA6C47-E301-4AF0-883D-772032F45E2C}.Release|x86.Build.0 = Release|Any CPU
		{5E91E665-E1F7-4465-8A17-C92D1705BE95}.Debug|Any CPU.ActiveCfg = Debug|Any CPU
		{5E91E665-E1F7-4465-8A17-C92D1705BE95}.Debug|Any CPU.Build.0 = Debug|Any CPU
		{5E91E665-E1F7-4465-8A17-C92D1705BE95}.Debug|x64.ActiveCfg = Debug|Any CPU
		{5E91E665-E1F7-4465-8A17-C92D1705BE95}.Debug|x64.Build.0 = Debug|Any CPU
		{5E91E665-E1F7-4465-8A17-C92D1705BE95}.Debug|x86.ActiveCfg = Debug|Any CPU
		{5E91E665-E1F7-4465-8A17-C92D1705BE95}.Debug|x86.Build.0 = Debug|Any CPU
		{5E91E665-E1F7-4465-8A17-C92D1705BE95}.Deploy|Any CPU.ActiveCfg = Deploy|Any CPU
		{5E91E665-E1F7-4465-8A17-C92D1705BE95}.Deploy|Any CPU.Build.0 = Deploy|Any CPU
		{5E91E665-E1F7-4465-8A17-C92D1705BE95}.Deploy|x64.ActiveCfg = Deploy|Any CPU
		{5E91E665-E1F7-4465-8A17-C92D1705BE95}.Deploy|x64.Build.0 = Deploy|Any CPU
		{5E91E665-E1F7-4465-8A17-C92D1705BE95}.Deploy|x86.ActiveCfg = Deploy|Any CPU
		{5E91E665-E1F7-4465-8A17-C92D1705BE95}.Deploy|x86.Build.0 = Deploy|Any CPU
		{5E91E665-E1F7-4465-8A17-C92D1705BE95}.Release|Any CPU.ActiveCfg = Release|Any CPU
		{5E91E665-E1F7-4465-8A17-C92D1705BE95}.Release|Any CPU.Build.0 = Release|Any CPU
		{5E91E665-E1F7-4465-8A17-C92D1705BE95}.Release|x64.ActiveCfg = Release|Any CPU
		{5E91E665-E1F7-4465-8A17-C92D1705BE95}.Release|x64.Build.0 = Release|Any CPU
		{5E91E665-E1F7-4465-8A17-C92D1705BE95}.Release|x86.ActiveCfg = Release|Any CPU
		{5E91E665-E1F7-4465-8A17-C92D1705BE95}.Release|x86.Build.0 = Release|Any CPU
		{53D91E88-AFE8-4F11-880C-6F0BC22BD860}.Debug|Any CPU.ActiveCfg = Debug|Any CPU
		{53D91E88-AFE8-4F11-880C-6F0BC22BD860}.Debug|Any CPU.Build.0 = Debug|Any CPU
		{53D91E88-AFE8-4F11-880C-6F0BC22BD860}.Debug|x64.ActiveCfg = Debug|x64
		{53D91E88-AFE8-4F11-880C-6F0BC22BD860}.Debug|x64.Build.0 = Debug|x64
		{53D91E88-AFE8-4F11-880C-6F0BC22BD860}.Debug|x86.ActiveCfg = Debug|x86
		{53D91E88-AFE8-4F11-880C-6F0BC22BD860}.Debug|x86.Build.0 = Debug|x86
		{53D91E88-AFE8-4F11-880C-6F0BC22BD860}.Deploy|Any CPU.ActiveCfg = Debug|Any CPU
		{53D91E88-AFE8-4F11-880C-6F0BC22BD860}.Deploy|Any CPU.Build.0 = Debug|Any CPU
		{53D91E88-AFE8-4F11-880C-6F0BC22BD860}.Deploy|x64.ActiveCfg = Debug|x64
		{53D91E88-AFE8-4F11-880C-6F0BC22BD860}.Deploy|x64.Build.0 = Debug|x64
		{53D91E88-AFE8-4F11-880C-6F0BC22BD860}.Deploy|x86.ActiveCfg = Debug|x86
		{53D91E88-AFE8-4F11-880C-6F0BC22BD860}.Deploy|x86.Build.0 = Debug|x86
		{53D91E88-AFE8-4F11-880C-6F0BC22BD860}.Release|Any CPU.ActiveCfg = Release|Any CPU
		{53D91E88-AFE8-4F11-880C-6F0BC22BD860}.Release|Any CPU.Build.0 = Release|Any CPU
		{53D91E88-AFE8-4F11-880C-6F0BC22BD860}.Release|x64.ActiveCfg = Release|x64
		{53D91E88-AFE8-4F11-880C-6F0BC22BD860}.Release|x64.Build.0 = Release|x64
		{53D91E88-AFE8-4F11-880C-6F0BC22BD860}.Release|x86.ActiveCfg = Release|x86
		{53D91E88-AFE8-4F11-880C-6F0BC22BD860}.Release|x86.Build.0 = Release|x86
	EndGlobalSection
	GlobalSection(SolutionProperties) = preSolution
		HideSolutionNode = FALSE
	EndGlobalSection
	GlobalSection(NestedProjects) = preSolution
		{E47F58ED-1BBE-47F4-9FA9-FACD2317FE90} = {5325689B-2D92-4055-A93D-43CC70B72B46}
		{35FA6C47-E301-4AF0-883D-772032F45E2C} = {5325689B-2D92-4055-A93D-43CC70B72B46}
	EndGlobalSection
	GlobalSection(ExtensibilityGlobals) = postSolution
		SolutionGuid = {A7751802-11AB-4C48-AEFB-F97F28984E2E}
	EndGlobalSection
	GlobalSection(NDepend) = preSolution
		Project = ".\Starlight.ndproj"
	EndGlobalSection
EndGlobal
